// !$*UTF8*$!
{
	archiveVersion = 1;
	classes = {
	};
	objectVersion = 50;
	objects = {

/* Begin PBXBuildFile section */
		E712E2F220A80B240052F67E /* LMusicTool.m in Sources */ = {isa = PBXBuildFile; fileRef = E712E2F120A80B240052F67E /* LMusicTool.m */; };
		E712E2F520A80B460052F67E /* LMusic.m in Sources */ = {isa = PBXBuildFile; fileRef = E712E2F420A80B460052F67E /* LMusic.m */; };
		E712E2F820A80E710052F67E /* LPlayMusicTool.m in Sources */ = {isa = PBXBuildFile; fileRef = E712E2F720A80E710052F67E /* LPlayMusicTool.m */; };
		E712E2FB20A81CF10052F67E /* LLabel.m in Sources */ = {isa = PBXBuildFile; fileRef = E712E2FA20A81CF10052F67E /* LLabel.m */; };
		E712E2FE20A822640052F67E /* LScrollView.m in Sources */ = {isa = PBXBuildFile; fileRef = E712E2FD20A822640052F67E /* LScrollView.m */; };
		E712E30120A823830052F67E /* LLrcModel.m in Sources */ = {isa = PBXBuildFile; fileRef = E712E30020A823830052F67E /* LLrcModel.m */; };
		E712E30420A824ED0052F67E /* LLrcTool.m in Sources */ = {isa = PBXBuildFile; fileRef = E712E30320A824ED0052F67E /* LLrcTool.m */; };
		E740869920A57AF700A15AA2 /* LMusicTableViewCell.m in Sources */ = {isa = PBXBuildFile; fileRef = E740869820A57AF700A15AA2 /* LMusicTableViewCell.m */; };
		E740869C20A58C2A00A15AA2 /* LPlayMusicViewController.m in Sources */ = {isa = PBXBuildFile; fileRef = E740869B20A58C2A00A15AA2 /* LPlayMusicViewController.m */; };
		E740869E20A58C7E00A15AA2 /* LPlayMusicViewController.xib in Resources */ = {isa = PBXBuildFile; fileRef = E740869D20A58C7E00A15AA2 /* LPlayMusicViewController.xib */; };
		E75FFB4920A4189E001A5052 /* m_16.wav in Resources */ = {isa = PBXBuildFile; fileRef = E75FFB3520A4189E001A5052 /* m_16.wav */; };
		E75FFB4A20A4189E001A5052 /* m_03.wav in Resources */ = {isa = PBXBuildFile; fileRef = E75FFB3620A4189E001A5052 /* m_03.wav */; };
		E75FFB4B20A4189E001A5052 /* m_17.wav in Resources */ = {isa = PBXBuildFile; fileRef = E75FFB3720A4189E001A5052 /* m_17.wav */; };
		E75FFB4C20A4189E001A5052 /* m_15.wav in Resources */ = {isa = PBXBuildFile; fileRef = E75FFB3820A4189E001A5052 /* m_15.wav */; };
		E75FFB4D20A4189E001A5052 /* buyao.wav in Resources */ = {isa = PBXBuildFile; fileRef = E75FFB3920A4189E001A5052 /* buyao.wav */; };
		E75FFB4E20A4189E001A5052 /* m_14.wav in Resources */ = {isa = PBXBuildFile; fileRef = E75FFB3A20A4189E001A5052 /* m_14.wav */; };
		E75FFB4F20A4189E001A5052 /* lose.aac in Resources */ = {isa = PBXBuildFile; fileRef = E75FFB3B20A4189E001A5052 /* lose.aac */; };
		E75FFB5020A4189E001A5052 /* m_04.wav in Resources */ = {isa = PBXBuildFile; fileRef = E75FFB3C20A4189E001A5052 /* m_04.wav */; };
		E75FFB5120A4189E001A5052 /* m_10.wav in Resources */ = {isa = PBXBuildFile; fileRef = E75FFB3D20A4189E001A5052 /* m_10.wav */; };
		E75FFB5220A4189E001A5052 /* m_11.wav in Resources */ = {isa = PBXBuildFile; fileRef = E75FFB3E20A4189E001A5052 /* m_11.wav */; };
		E75FFB5320A4189E001A5052 /* m_05.wav in Resources */ = {isa = PBXBuildFile; fileRef = E75FFB3F20A4189E001A5052 /* m_05.wav */; };
		E75FFB5420A4189E001A5052 /* m_13.wav in Resources */ = {isa = PBXBuildFile; fileRef = E75FFB4020A4189E001A5052 /* m_13.wav */; };
		E75FFB5520A4189E001A5052 /* m_07.wav in Resources */ = {isa = PBXBuildFile; fileRef = E75FFB4120A4189E001A5052 /* m_07.wav */; };
		E75FFB5620A4189E001A5052 /* win.aac in Resources */ = {isa = PBXBuildFile; fileRef = E75FFB4220A4189E001A5052 /* win.aac */; };
		E75FFB5720A4189E001A5052 /* m_06.wav in Resources */ = {isa = PBXBuildFile; fileRef = E75FFB4320A4189E001A5052 /* m_06.wav */; };
		E75FFB5820A4189E001A5052 /* m_12.wav in Resources */ = {isa = PBXBuildFile; fileRef = E75FFB4420A4189E001A5052 /* m_12.wav */; };
		E75FFB5920A4189E001A5052 /* sendcard.aac in Resources */ = {isa = PBXBuildFile; fileRef = E75FFB4520A4189E001A5052 /* sendcard.aac */; };
		E75FFB5A20A4189E001A5052 /* m_08.wav in Resources */ = {isa = PBXBuildFile; fileRef = E75FFB4620A4189E001A5052 /* m_08.wav */; };
		E75FFB5B20A4189E001A5052 /* normal.aac in Resources */ = {isa = PBXBuildFile; fileRef = E75FFB4720A4189E001A5052 /* normal.aac */; };
		E75FFB5C20A4189E001A5052 /* m_09.wav in Resources */ = {isa = PBXBuildFile; fileRef = E75FFB4820A4189E001A5052 /* m_09.wav */; };
		E75FFB5F20A41E2F001A5052 /* PlaySoundTool.m in Sources */ = {isa = PBXBuildFile; fileRef = E75FFB5E20A41E2F001A5052 /* PlaySoundTool.m */; };
		E75FFB6320A42A94001A5052 /* 咖啡.mp3 in Resources */ = {isa = PBXBuildFile; fileRef = E75FFB6120A42A94001A5052 /* 咖啡.mp3 */; };
		E75FFB6420A42A94001A5052 /* 煎饼侠.mp3 in Resources */ = {isa = PBXBuildFile; fileRef = E75FFB6220A42A94001A5052 /* 煎饼侠.mp3 */; };
		E75FFB8820A44BA7001A5052 /* 月半小夜曲.lrc in Resources */ = {isa = PBXBuildFile; fileRef = E75FFB6A20A44BA7001A5052 /* 月半小夜曲.lrc */; };
		E75FFB8920A44BA7001A5052 /* 255319.lrc in Resources */ = {isa = PBXBuildFile; fileRef = E75FFB6B20A44BA7001A5052 /* 255319.lrc */; };
		E75FFB8A20A44BA7001A5052 /* 14945107.lrc in Resources */ = {isa = PBXBuildFile; fileRef = E75FFB6C20A44BA7001A5052 /* 14945107.lrc */; };
		E75FFB8B20A44BA7001A5052 /* 故乡.lrc in Resources */ = {isa = PBXBuildFile; fileRef = E75FFB6D20A44BA7001A5052 /* 故乡.lrc */; };
		E75FFB8C20A44BA7001A5052 /* 一万次悲伤.lrc in Resources */ = {isa = PBXBuildFile; fileRef = E75FFB6E20A44BA7001A5052 /* 一万次悲伤.lrc */; };
		E75FFB8D20A44BA7001A5052 /* 煎饼侠.lrc in Resources */ = {isa = PBXBuildFile; fileRef = E75FFB6F20A44BA7001A5052 /* 煎饼侠.lrc */; };
		E75FFB8E20A44BA7001A5052 /* 10736444.lrc in Resources */ = {isa = PBXBuildFile; fileRef = E75FFB7020A44BA7001A5052 /* 10736444.lrc */; };
		E75FFB8F20A44BA7001A5052 /* 夜空中最亮的星.lrc in Resources */ = {isa = PBXBuildFile; fileRef = E75FFB7120A44BA7001A5052 /* 夜空中最亮的星.lrc */; };
		E75FFB9020A44BA7001A5052 /* 309769.lrc in Resources */ = {isa = PBXBuildFile; fileRef = E75FFB7220A44BA7001A5052 /* 309769.lrc */; };
		E75FFB9120A44BA7001A5052 /* 235319.lrc in Resources */ = {isa = PBXBuildFile; fileRef = E75FFB7320A44BA7001A5052 /* 235319.lrc */; };
		E75FFB9220A44BA7001A5052 /* 12309111.lrc in Resources */ = {isa = PBXBuildFile; fileRef = E75FFB7420A44BA7001A5052 /* 12309111.lrc */; };
		E75FFB9320A44BA7001A5052 /* 339744.lrc in Resources */ = {isa = PBXBuildFile; fileRef = E75FFB7520A44BA7001A5052 /* 339744.lrc */; };
		E75FFB9420A44BA7001A5052 /* 10405520.lrc in Resources */ = {isa = PBXBuildFile; fileRef = E75FFB7620A44BA7001A5052 /* 10405520.lrc */; };
		E75FFB9520A44BA7001A5052 /* 120125029.lrc in Resources */ = {isa = PBXBuildFile; fileRef = E75FFB7720A44BA7001A5052 /* 120125029.lrc */; };
		E75FFB9620A44BA7001A5052 /* 14945107.mp3 in Resources */ = {isa = PBXBuildFile; fileRef = E75FFB7920A44BA7001A5052 /* 14945107.mp3 */; };
		E75FFB9720A44BA7001A5052 /* 255319.mp3 in Resources */ = {isa = PBXBuildFile; fileRef = E75FFB7A20A44BA7001A5052 /* 255319.mp3 */; };
		E75FFB9820A44BA7001A5052 /* 一万次悲伤.mp3 in Resources */ = {isa = PBXBuildFile; fileRef = E75FFB7B20A44BA7001A5052 /* 一万次悲伤.mp3 */; };
		E75FFB9920A44BA7001A5052 /* 煎饼侠.mp3 in Resources */ = {isa = PBXBuildFile; fileRef = E75FFB7C20A44BA7001A5052 /* 煎饼侠.mp3 */; };
		E75FFB9A20A44BA7001A5052 /* 故乡.mp3 in Resources */ = {isa = PBXBuildFile; fileRef = E75FFB7D20A44BA7001A5052 /* 故乡.mp3 */; };
		E75FFB9B20A44BA7001A5052 /* 夜空中最亮的星.mp3 in Resources */ = {isa = PBXBuildFile; fileRef = E75FFB7E20A44BA7001A5052 /* 夜空中最亮的星.mp3 */; };
		E75FFB9C20A44BA7001A5052 /* 235319.mp3 in Resources */ = {isa = PBXBuildFile; fileRef = E75FFB7F20A44BA7001A5052 /* 235319.mp3 */; };
		E75FFB9D20A44BA7001A5052 /* 309769.mp3 in Resources */ = {isa = PBXBuildFile; fileRef = E75FFB8020A44BA7001A5052 /* 309769.mp3 */; };
		E75FFB9E20A44BA7001A5052 /* 10736444.mp3 in Resources */ = {isa = PBXBuildFile; fileRef = E75FFB8120A44BA7001A5052 /* 10736444.mp3 */; };
		E75FFB9F20A44BA7001A5052 /* 1201111234.mp3 in Resources */ = {isa = PBXBuildFile; fileRef = E75FFB8220A44BA7001A5052 /* 1201111234.mp3 */; };
		E75FFBA020A44BA7001A5052 /* 10405520.mp3 in Resources */ = {isa = PBXBuildFile; fileRef = E75FFB8320A44BA7001A5052 /* 10405520.mp3 */; };
		E75FFBA120A44BA7001A5052 /* 120125029.mp3 in Resources */ = {isa = PBXBuildFile; fileRef = E75FFB8420A44BA7001A5052 /* 120125029.mp3 */; };
		E75FFBA220A44BA7001A5052 /* 12309111.mp3 in Resources */ = {isa = PBXBuildFile; fileRef = E75FFB8520A44BA7001A5052 /* 12309111.mp3 */; };
		E75FFBA320A44BA7001A5052 /* 339744.mp3 in Resources */ = {isa = PBXBuildFile; fileRef = E75FFB8620A44BA7001A5052 /* 339744.mp3 */; };
		E75FFBA420A44BA7001A5052 /* Musics.plist in Resources */ = {isa = PBXBuildFile; fileRef = E75FFB8720A44BA7001A5052 /* Musics.plist */; };
		E75FFBAE20A44E10001A5052 /* NSObject+Extension.m in Sources */ = {isa = PBXBuildFile; fileRef = E75FFBAD20A44E10001A5052 /* NSObject+Extension.m */; };
		E7A7F46620AEA315007C9852 /* LPlayVideoViewController.m in Sources */ = {isa = PBXBuildFile; fileRef = E7A7F46420AEA315007C9852 /* LPlayVideoViewController.m */; };
		E7A7F46720AEA315007C9852 /* LPlayVideoViewController.xib in Resources */ = {isa = PBXBuildFile; fileRef = E7A7F46520AEA315007C9852 /* LPlayVideoViewController.xib */; };
		E7A7F46920AECC1C007C9852 /* Alizee_La_Isla_Bonita.mp4 in Resources */ = {isa = PBXBuildFile; fileRef = E7A7F46820AECC1C007C9852 /* Alizee_La_Isla_Bonita.mp4 */; };
		E7A7F46B20AECE09007C9852 /* Cupid_高清.mp4 in Resources */ = {isa = PBXBuildFile; fileRef = E7A7F46A20AECE09007C9852 /* Cupid_高清.mp4 */; };
		E7DBC5E0209FF5520088E771 /* AppDelegate.m in Sources */ = {isa = PBXBuildFile; fileRef = E7DBC5DF209FF5520088E771 /* AppDelegate.m */; };
		E7DBC5E3209FF5520088E771 /* ViewController.m in Sources */ = {isa = PBXBuildFile; fileRef = E7DBC5E2209FF5520088E771 /* ViewController.m */; };
		E7DBC5E6209FF5520088E771 /* Main.storyboard in Resources */ = {isa = PBXBuildFile; fileRef = E7DBC5E4209FF5520088E771 /* Main.storyboard */; };
		E7DBC5E8209FF5540088E771 /* Assets.xcassets in Resources */ = {isa = PBXBuildFile; fileRef = E7DBC5E7209FF5540088E771 /* Assets.xcassets */; };
		E7DBC5EB209FF5540088E771 /* LaunchScreen.storyboard in Resources */ = {isa = PBXBuildFile; fileRef = E7DBC5E9209FF5540088E771 /* LaunchScreen.storyboard */; };
		E7DBC5EE209FF5540088E771 /* main.m in Sources */ = {isa = PBXBuildFile; fileRef = E7DBC5ED209FF5540088E771 /* main.m */; };
		E7DBC5F8209FF5540088E771 /* ___Tests.m in Sources */ = {isa = PBXBuildFile; fileRef = E7DBC5F7209FF5540088E771 /* ___Tests.m */; };
		E7DBC603209FF5540088E771 /* ___UITests.m in Sources */ = {isa = PBXBuildFile; fileRef = E7DBC602209FF5540088E771 /* ___UITests.m */; };
/* End PBXBuildFile section */

/* Begin PBXContainerItemProxy section */
		E7DBC5F4209FF5540088E771 /* PBXContainerItemProxy */ = {
			isa = PBXContainerItemProxy;
			containerPortal = E7DBC5D3209FF5520088E771 /* Project object */;
			proxyType = 1;
			remoteGlobalIDString = E7DBC5DA209FF5520088E771;
			remoteInfo = "音视频";
		};
		E7DBC5FF209FF5540088E771 /* PBXContainerItemProxy */ = {
			isa = PBXContainerItemProxy;
			containerPortal = E7DBC5D3209FF5520088E771 /* Project object */;
			proxyType = 1;
			remoteGlobalIDString = E7DBC5DA209FF5520088E771;
			remoteInfo = "音视频";
		};
/* End PBXContainerItemProxy section */

/* Begin PBXFileReference section */
		E712E2F020A80B240052F67E /* LMusicTool.h */ = {isa = PBXFileReference; lastKnownFileType = sourcecode.c.h; path = LMusicTool.h; sourceTree = "<group>"; };
		E712E2F120A80B240052F67E /* LMusicTool.m */ = {isa = PBXFileReference; lastKnownFileType = sourcecode.c.objc; path = LMusicTool.m; sourceTree = "<group>"; };
		E712E2F320A80B460052F67E /* LMusic.h */ = {isa = PBXFileReference; lastKnownFileType = sourcecode.c.h; path = LMusic.h; sourceTree = "<group>"; };
		E712E2F420A80B460052F67E /* LMusic.m */ = {isa = PBXFileReference; lastKnownFileType = sourcecode.c.objc; path = LMusic.m; sourceTree = "<group>"; };
		E712E2F620A80E710052F67E /* LPlayMusicTool.h */ = {isa = PBXFileReference; lastKnownFileType = sourcecode.c.h; path = LPlayMusicTool.h; sourceTree = "<group>"; };
		E712E2F720A80E710052F67E /* LPlayMusicTool.m */ = {isa = PBXFileReference; lastKnownFileType = sourcecode.c.objc; path = LPlayMusicTool.m; sourceTree = "<group>"; };
		E712E2F920A81CF10052F67E /* LLabel.h */ = {isa = PBXFileReference; lastKnownFileType = sourcecode.c.h; path = LLabel.h; sourceTree = "<group>"; };
		E712E2FA20A81CF10052F67E /* LLabel.m */ = {isa = PBXFileReference; lastKnownFileType = sourcecode.c.objc; path = LLabel.m; sourceTree = "<group>"; };
		E712E2FC20A822640052F67E /* LScrollView.h */ = {isa = PBXFileReference; lastKnownFileType = sourcecode.c.h; path = LScrollView.h; sourceTree = "<group>"; };
		E712E2FD20A822640052F67E /* LScrollView.m */ = {isa = PBXFileReference; lastKnownFileType = sourcecode.c.objc; path = LScrollView.m; sourceTree = "<group>"; };
		E712E2FF20A823830052F67E /* LLrcModel.h */ = {isa = PBXFileReference; lastKnownFileType = sourcecode.c.h; path = LLrcModel.h; sourceTree = "<group>"; };
		E712E30020A823830052F67E /* LLrcModel.m */ = {isa = PBXFileReference; lastKnownFileType = sourcecode.c.objc; path = LLrcModel.m; sourceTree = "<group>"; };
		E712E30220A824ED0052F67E /* LLrcTool.h */ = {isa = PBXFileReference; lastKnownFileType = sourcecode.c.h; path = LLrcTool.h; sourceTree = "<group>"; };
		E712E30320A824ED0052F67E /* LLrcTool.m */ = {isa = PBXFileReference; lastKnownFileType = sourcecode.c.objc; path = LLrcTool.m; sourceTree = "<group>"; };
		E740869720A57AF700A15AA2 /* LMusicTableViewCell.h */ = {isa = PBXFileReference; lastKnownFileType = sourcecode.c.h; path = LMusicTableViewCell.h; sourceTree = "<group>"; };
		E740869820A57AF700A15AA2 /* LMusicTableViewCell.m */ = {isa = PBXFileReference; lastKnownFileType = sourcecode.c.objc; path = LMusicTableViewCell.m; sourceTree = "<group>"; };
		E740869A20A58C2A00A15AA2 /* LPlayMusicViewController.h */ = {isa = PBXFileReference; lastKnownFileType = sourcecode.c.h; path = LPlayMusicViewController.h; sourceTree = "<group>"; };
		E740869B20A58C2A00A15AA2 /* LPlayMusicViewController.m */ = {isa = PBXFileReference; lastKnownFileType = sourcecode.c.objc; path = LPlayMusicViewController.m; sourceTree = "<group>"; };
		E740869D20A58C7E00A15AA2 /* LPlayMusicViewController.xib */ = {isa = PBXFileReference; lastKnownFileType = file.xib; path = LPlayMusicViewController.xib; sourceTree = "<group>"; };
		E75FFB3520A4189E001A5052 /* m_16.wav */ = {isa = PBXFileReference; lastKnownFileType = audio.wav; path = m_16.wav; sourceTree = "<group>"; };
		E75FFB3620A4189E001A5052 /* m_03.wav */ = {isa = PBXFileReference; lastKnownFileType = audio.wav; path = m_03.wav; sourceTree = "<group>"; };
		E75FFB3720A4189E001A5052 /* m_17.wav */ = {isa = PBXFileReference; lastKnownFileType = audio.wav; path = m_17.wav; sourceTree = "<group>"; };
		E75FFB3820A4189E001A5052 /* m_15.wav */ = {isa = PBXFileReference; lastKnownFileType = audio.wav; path = m_15.wav; sourceTree = "<group>"; };
		E75FFB3920A4189E001A5052 /* buyao.wav */ = {isa = PBXFileReference; lastKnownFileType = audio.wav; path = buyao.wav; sourceTree = "<group>"; };
		E75FFB3A20A4189E001A5052 /* m_14.wav */ = {isa = PBXFileReference; lastKnownFileType = audio.wav; path = m_14.wav; sourceTree = "<group>"; };
		E75FFB3B20A4189E001A5052 /* lose.aac */ = {isa = PBXFileReference; lastKnownFileType = file; path = lose.aac; sourceTree = "<group>"; };
		E75FFB3C20A4189E001A5052 /* m_04.wav */ = {isa = PBXFileReference; lastKnownFileType = audio.wav; path = m_04.wav; sourceTree = "<group>"; };
		E75FFB3D20A4189E001A5052 /* m_10.wav */ = {isa = PBXFileReference; lastKnownFileType = audio.wav; path = m_10.wav; sourceTree = "<group>"; };
		E75FFB3E20A4189E001A5052 /* m_11.wav */ = {isa = PBXFileReference; lastKnownFileType = audio.wav; path = m_11.wav; sourceTree = "<group>"; };
		E75FFB3F20A4189E001A5052 /* m_05.wav */ = {isa = PBXFileReference; lastKnownFileType = audio.wav; path = m_05.wav; sourceTree = "<group>"; };
		E75FFB4020A4189E001A5052 /* m_13.wav */ = {isa = PBXFileReference; lastKnownFileType = audio.wav; path = m_13.wav; sourceTree = "<group>"; };
		E75FFB4120A4189E001A5052 /* m_07.wav */ = {isa = PBXFileReference; lastKnownFileType = audio.wav; path = m_07.wav; sourceTree = "<group>"; };
		E75FFB4220A4189E001A5052 /* win.aac */ = {isa = PBXFileReference; lastKnownFileType = file; path = win.aac; sourceTree = "<group>"; };
		E75FFB4320A4189E001A5052 /* m_06.wav */ = {isa = PBXFileReference; lastKnownFileType = audio.wav; path = m_06.wav; sourceTree = "<group>"; };
		E75FFB4420A4189E001A5052 /* m_12.wav */ = {isa = PBXFileReference; lastKnownFileType = audio.wav; path = m_12.wav; sourceTree = "<group>"; };
		E75FFB4520A4189E001A5052 /* sendcard.aac */ = {isa = PBXFileReference; lastKnownFileType = file; path = sendcard.aac; sourceTree = "<group>"; };
		E75FFB4620A4189E001A5052 /* m_08.wav */ = {isa = PBXFileReference; lastKnownFileType = audio.wav; path = m_08.wav; sourceTree = "<group>"; };
		E75FFB4720A4189E001A5052 /* normal.aac */ = {isa = PBXFileReference; lastKnownFileType = file; path = normal.aac; sourceTree = "<group>"; };
		E75FFB4820A4189E001A5052 /* m_09.wav */ = {isa = PBXFileReference; lastKnownFileType = audio.wav; path = m_09.wav; sourceTree = "<group>"; };
		E75FFB5D20A41E2F001A5052 /* PlaySoundTool.h */ = {isa = PBXFileReference; lastKnownFileType = sourcecode.c.h; path = PlaySoundTool.h; sourceTree = "<group>"; };
		E75FFB5E20A41E2F001A5052 /* PlaySoundTool.m */ = {isa = PBXFileReference; lastKnownFileType = sourcecode.c.objc; path = PlaySoundTool.m; sourceTree = "<group>"; };
		E75FFB6120A42A94001A5052 /* 咖啡.mp3 */ = {isa = PBXFileReference; lastKnownFileType = audio.mp3; path = "咖啡.mp3"; sourceTree = "<group>"; };
		E75FFB6220A42A94001A5052 /* 煎饼侠.mp3 */ = {isa = PBXFileReference; lastKnownFileType = audio.mp3; path = "煎饼侠.mp3"; sourceTree = "<group>"; };
		E75FFB6A20A44BA7001A5052 /* 月半小夜曲.lrc */ = {isa = PBXFileReference; fileEncoding = 4; lastKnownFileType = text; path = "月半小夜曲.lrc"; sourceTree = "<group>"; };
		E75FFB6B20A44BA7001A5052 /* 255319.lrc */ = {isa = PBXFileReference; fileEncoding = 4; lastKnownFileType = text; path = 255319.lrc; sourceTree = "<group>"; };
		E75FFB6C20A44BA7001A5052 /* 14945107.lrc */ = {isa = PBXFileReference; fileEncoding = 4; lastKnownFileType = text; path = 14945107.lrc; sourceTree = "<group>"; };
		E75FFB6D20A44BA7001A5052 /* 故乡.lrc */ = {isa = PBXFileReference; fileEncoding = 4; lastKnownFileType = text; path = "故乡.lrc"; sourceTree = "<group>"; };
		E75FFB6E20A44BA7001A5052 /* 一万次悲伤.lrc */ = {isa = PBXFileReference; fileEncoding = 4; lastKnownFileType = text; path = "一万次悲伤.lrc"; sourceTree = "<group>"; };
		E75FFB6F20A44BA7001A5052 /* 煎饼侠.lrc */ = {isa = PBXFileReference; fileEncoding = 4; lastKnownFileType = text; path = "煎饼侠.lrc"; sourceTree = "<group>"; };
		E75FFB7020A44BA7001A5052 /* 10736444.lrc */ = {isa = PBXFileReference; fileEncoding = 4; lastKnownFileType = text; path = 10736444.lrc; sourceTree = "<group>"; };
		E75FFB7120A44BA7001A5052 /* 夜空中最亮的星.lrc */ = {isa = PBXFileReference; fileEncoding = 4; lastKnownFileType = text; path = "夜空中最亮的星.lrc"; sourceTree = "<group>"; };
		E75FFB7220A44BA7001A5052 /* 309769.lrc */ = {isa = PBXFileReference; fileEncoding = 4; lastKnownFileType = text; path = 309769.lrc; sourceTree = "<group>"; };
		E75FFB7320A44BA7001A5052 /* 235319.lrc */ = {isa = PBXFileReference; fileEncoding = 4; lastKnownFileType = text; path = 235319.lrc; sourceTree = "<group>"; };
		E75FFB7420A44BA7001A5052 /* 12309111.lrc */ = {isa = PBXFileReference; fileEncoding = 4; lastKnownFileType = text; path = 12309111.lrc; sourceTree = "<group>"; };
		E75FFB7520A44BA7001A5052 /* 339744.lrc */ = {isa = PBXFileReference; fileEncoding = 4; lastKnownFileType = text; path = 339744.lrc; sourceTree = "<group>"; };
		E75FFB7620A44BA7001A5052 /* 10405520.lrc */ = {isa = PBXFileReference; fileEncoding = 4; lastKnownFileType = text; path = 10405520.lrc; sourceTree = "<group>"; };
		E75FFB7720A44BA7001A5052 /* 120125029.lrc */ = {isa = PBXFileReference; fileEncoding = 4; lastKnownFileType = text; path = 120125029.lrc; sourceTree = "<group>"; };
		E75FFB7920A44BA7001A5052 /* 14945107.mp3 */ = {isa = PBXFileReference; lastKnownFileType = audio.mp3; path = 14945107.mp3; sourceTree = "<group>"; };
		E75FFB7A20A44BA7001A5052 /* 255319.mp3 */ = {isa = PBXFileReference; lastKnownFileType = audio.mp3; path = 255319.mp3; sourceTree = "<group>"; };
		E75FFB7B20A44BA7001A5052 /* 一万次悲伤.mp3 */ = {isa = PBXFileReference; lastKnownFileType = audio.mp3; path = "一万次悲伤.mp3"; sourceTree = "<group>"; };
		E75FFB7C20A44BA7001A5052 /* 煎饼侠.mp3 */ = {isa = PBXFileReference; lastKnownFileType = audio.mp3; path = "煎饼侠.mp3"; sourceTree = "<group>"; };
		E75FFB7D20A44BA7001A5052 /* 故乡.mp3 */ = {isa = PBXFileReference; lastKnownFileType = audio.mp3; path = "故乡.mp3"; sourceTree = "<group>"; };
		E75FFB7E20A44BA7001A5052 /* 夜空中最亮的星.mp3 */ = {isa = PBXFileReference; lastKnownFileType = audio.mp3; path = "夜空中最亮的星.mp3"; sourceTree = "<group>"; };
		E75FFB7F20A44BA7001A5052 /* 235319.mp3 */ = {isa = PBXFileReference; lastKnownFileType = audio.mp3; path = 235319.mp3; sourceTree = "<group>"; };
		E75FFB8020A44BA7001A5052 /* 309769.mp3 */ = {isa = PBXFileReference; lastKnownFileType = audio.mp3; path = 309769.mp3; sourceTree = "<group>"; };
		E75FFB8120A44BA7001A5052 /* 10736444.mp3 */ = {isa = PBXFileReference; lastKnownFileType = audio.mp3; path = 10736444.mp3; sourceTree = "<group>"; };
		E75FFB8220A44BA7001A5052 /* 1201111234.mp3 */ = {isa = PBXFileReference; lastKnownFileType = audio.mp3; path = 1201111234.mp3; sourceTree = "<group>"; };
		E75FFB8320A44BA7001A5052 /* 10405520.mp3 */ = {isa = PBXFileReference; lastKnownFileType = audio.mp3; path = 10405520.mp3; sourceTree = "<group>"; };
		E75FFB8420A44BA7001A5052 /* 120125029.mp3 */ = {isa = PBXFileReference; lastKnownFileType = audio.mp3; path = 120125029.mp3; sourceTree = "<group>"; };
		E75FFB8520A44BA7001A5052 /* 12309111.mp3 */ = {isa = PBXFileReference; lastKnownFileType = audio.mp3; path = 12309111.mp3; sourceTree = "<group>"; };
		E75FFB8620A44BA7001A5052 /* 339744.mp3 */ = {isa = PBXFileReference; lastKnownFileType = audio.mp3; path = 339744.mp3; sourceTree = "<group>"; };
		E75FFB8720A44BA7001A5052 /* Musics.plist */ = {isa = PBXFileReference; fileEncoding = 4; lastKnownFileType = text.plist.xml; path = Musics.plist; sourceTree = "<group>"; };
		E75FFBAC20A44E10001A5052 /* NSObject+Extension.h */ = {isa = PBXFileReference; lastKnownFileType = sourcecode.c.h; path = "NSObject+Extension.h"; sourceTree = "<group>"; };
		E75FFBAD20A44E10001A5052 /* NSObject+Extension.m */ = {isa = PBXFileReference; lastKnownFileType = sourcecode.c.objc; path = "NSObject+Extension.m"; sourceTree = "<group>"; };
		E7A7F46320AEA315007C9852 /* LPlayVideoViewController.h */ = {isa = PBXFileReference; lastKnownFileType = sourcecode.c.h; path = LPlayVideoViewController.h; sourceTree = "<group>"; };
		E7A7F46420AEA315007C9852 /* LPlayVideoViewController.m */ = {isa = PBXFileReference; lastKnownFileType = sourcecode.c.objc; path = LPlayVideoViewController.m; sourceTree = "<group>"; };
		E7A7F46520AEA315007C9852 /* LPlayVideoViewController.xib */ = {isa = PBXFileReference; lastKnownFileType = file.xib; path = LPlayVideoViewController.xib; sourceTree = "<group>"; };
		E7A7F46820AECC1C007C9852 /* Alizee_La_Isla_Bonita.mp4 */ = {isa = PBXFileReference; lastKnownFileType = file; path = Alizee_La_Isla_Bonita.mp4; sourceTree = "<group>"; };
		E7A7F46A20AECE09007C9852 /* Cupid_高清.mp4 */ = {isa = PBXFileReference; lastKnownFileType = file; path = "Cupid_高清.mp4"; sourceTree = "<group>"; };
		E7DBC5DB209FF5520088E771 /* 音视频.app */ = {isa = PBXFileReference; explicitFileType = wrapper.application; includeInIndex = 0; path = "音视频.app"; sourceTree = BUILT_PRODUCTS_DIR; };
		E7DBC5DE209FF5520088E771 /* AppDelegate.h */ = {isa = PBXFileReference; lastKnownFileType = sourcecode.c.h; path = AppDelegate.h; sourceTree = "<group>"; };
		E7DBC5DF209FF5520088E771 /* AppDelegate.m */ = {isa = PBXFileReference; lastKnownFileType = sourcecode.c.objc; path = AppDelegate.m; sourceTree = "<group>"; };
		E7DBC5E1209FF5520088E771 /* ViewController.h */ = {isa = PBXFileReference; lastKnownFileType = sourcecode.c.h; path = ViewController.h; sourceTree = "<group>"; };
		E7DBC5E2209FF5520088E771 /* ViewController.m */ = {isa = PBXFileReference; lastKnownFileType = sourcecode.c.objc; path = ViewController.m; sourceTree = "<group>"; };
		E7DBC5E5209FF5520088E771 /* Base */ = {isa = PBXFileReference; lastKnownFileType = file.storyboard; name = Base; path = Base.lproj/Main.storyboard; sourceTree = "<group>"; };
		E7DBC5E7209FF5540088E771 /* Assets.xcassets */ = {isa = PBXFileReference; lastKnownFileType = folder.assetcatalog; path = Assets.xcassets; sourceTree = "<group>"; };
		E7DBC5EA209FF5540088E771 /* Base */ = {isa = PBXFileReference; lastKnownFileType = file.storyboard; name = Base; path = Base.lproj/LaunchScreen.storyboard; sourceTree = "<group>"; };
		E7DBC5EC209FF5540088E771 /* Info.plist */ = {isa = PBXFileReference; lastKnownFileType = text.plist.xml; path = Info.plist; sourceTree = "<group>"; };
		E7DBC5ED209FF5540088E771 /* main.m */ = {isa = PBXFileReference; lastKnownFileType = sourcecode.c.objc; path = main.m; sourceTree = "<group>"; };
		E7DBC5F3209FF5540088E771 /* 音视频Tests.xctest */ = {isa = PBXFileReference; explicitFileType = wrapper.cfbundle; includeInIndex = 0; path = "音视频Tests.xctest"; sourceTree = BUILT_PRODUCTS_DIR; };
		E7DBC5F7209FF5540088E771 /* ___Tests.m */ = {isa = PBXFileReference; lastKnownFileType = sourcecode.c.objc; path = "___Tests.m"; sourceTree = "<group>"; };
		E7DBC5F9209FF5540088E771 /* Info.plist */ = {isa = PBXFileReference; lastKnownFileType = text.plist.xml; path = Info.plist; sourceTree = "<group>"; };
		E7DBC5FE209FF5540088E771 /* 音视频UITests.xctest */ = {isa = PBXFileReference; explicitFileType = wrapper.cfbundle; includeInIndex = 0; path = "音视频UITests.xctest"; sourceTree = BUILT_PRODUCTS_DIR; };
		E7DBC602209FF5540088E771 /* ___UITests.m */ = {isa = PBXFileReference; lastKnownFileType = sourcecode.c.objc; path = "___UITests.m"; sourceTree = "<group>"; };
		E7DBC604209FF5540088E771 /* Info.plist */ = {isa = PBXFileReference; lastKnownFileType = text.plist.xml; path = Info.plist; sourceTree = "<group>"; };
/* End PBXFileReference section */

/* Begin PBXFrameworksBuildPhase section */
		E7DBC5D8209FF5520088E771 /* Frameworks */ = {
			isa = PBXFrameworksBuildPhase;
			buildActionMask = 2147483647;
			files = (
			);
			runOnlyForDeploymentPostprocessing = 0;
		};
		E7DBC5F0209FF5540088E771 /* Frameworks */ = {
			isa = PBXFrameworksBuildPhase;
			buildActionMask = 2147483647;
			files = (
			);
			runOnlyForDeploymentPostprocessing = 0;
		};
		E7DBC5FB209FF5540088E771 /* Frameworks */ = {
			isa = PBXFrameworksBuildPhase;
			buildActionMask = 2147483647;
			files = (
			);
			runOnlyForDeploymentPostprocessing = 0;
		};
/* End PBXFrameworksBuildPhase section */

/* Begin PBXGroup section */
		E712E2EF20A80AEC0052F67E /* tool */ = {
			isa = PBXGroup;
			children = (
				E712E2F020A80B240052F67E /* LMusicTool.h */,
				E712E2F120A80B240052F67E /* LMusicTool.m */,
				E712E2F620A80E710052F67E /* LPlayMusicTool.h */,
				E712E2F720A80E710052F67E /* LPlayMusicTool.m */,
				E712E30220A824ED0052F67E /* LLrcTool.h */,
				E712E30320A824ED0052F67E /* LLrcTool.m */,
			);
			path = tool;
			sourceTree = "<group>";
		};
		E75FFB3420A4189E001A5052 /* 斗地主音频 */ = {
			isa = PBXGroup;
			children = (
				E75FFB3520A4189E001A5052 /* m_16.wav */,
				E75FFB3620A4189E001A5052 /* m_03.wav */,
				E75FFB3720A4189E001A5052 /* m_17.wav */,
				E75FFB3820A4189E001A5052 /* m_15.wav */,
				E75FFB3920A4189E001A5052 /* buyao.wav */,
				E75FFB3A20A4189E001A5052 /* m_14.wav */,
				E75FFB3B20A4189E001A5052 /* lose.aac */,
				E75FFB3C20A4189E001A5052 /* m_04.wav */,
				E75FFB3D20A4189E001A5052 /* m_10.wav */,
				E75FFB3E20A4189E001A5052 /* m_11.wav */,
				E75FFB3F20A4189E001A5052 /* m_05.wav */,
				E75FFB4020A4189E001A5052 /* m_13.wav */,
				E75FFB4120A4189E001A5052 /* m_07.wav */,
				E75FFB4220A4189E001A5052 /* win.aac */,
				E75FFB4320A4189E001A5052 /* m_06.wav */,
				E75FFB4420A4189E001A5052 /* m_12.wav */,
				E75FFB4520A4189E001A5052 /* sendcard.aac */,
				E75FFB4620A4189E001A5052 /* m_08.wav */,
				E75FFB4720A4189E001A5052 /* normal.aac */,
				E75FFB4820A4189E001A5052 /* m_09.wav */,
			);
			path = "斗地主音频";
			sourceTree = "<group>";
		};
		E75FFB6020A42A94001A5052 /* music */ = {
			isa = PBXGroup;
			children = (
				E75FFB6120A42A94001A5052 /* 咖啡.mp3 */,
				E75FFB6220A42A94001A5052 /* 煎饼侠.mp3 */,
			);
			path = music;
			sourceTree = "<group>";
		};
		E75FFB6820A44BA7001A5052 /* Resources */ = {
			isa = PBXGroup;
			children = (
				E7A7F46A20AECE09007C9852 /* Cupid_高清.mp4 */,
				E7A7F46820AECC1C007C9852 /* Alizee_La_Isla_Bonita.mp4 */,
				E75FFB6920A44BA7001A5052 /* Lrcs */,
				E75FFB7820A44BA7001A5052 /* MP3s */,
				E75FFB8720A44BA7001A5052 /* Musics.plist */,
			);
			path = Resources;
			sourceTree = "<group>";
		};
		E75FFB6920A44BA7001A5052 /* Lrcs */ = {
			isa = PBXGroup;
			children = (
				E75FFB6A20A44BA7001A5052 /* 月半小夜曲.lrc */,
				E75FFB6B20A44BA7001A5052 /* 255319.lrc */,
				E75FFB6C20A44BA7001A5052 /* 14945107.lrc */,
				E75FFB6D20A44BA7001A5052 /* 故乡.lrc */,
				E75FFB6E20A44BA7001A5052 /* 一万次悲伤.lrc */,
				E75FFB6F20A44BA7001A5052 /* 煎饼侠.lrc */,
				E75FFB7020A44BA7001A5052 /* 10736444.lrc */,
				E75FFB7120A44BA7001A5052 /* 夜空中最亮的星.lrc */,
				E75FFB7220A44BA7001A5052 /* 309769.lrc */,
				E75FFB7320A44BA7001A5052 /* 235319.lrc */,
				E75FFB7420A44BA7001A5052 /* 12309111.lrc */,
				E75FFB7520A44BA7001A5052 /* 339744.lrc */,
				E75FFB7620A44BA7001A5052 /* 10405520.lrc */,
				E75FFB7720A44BA7001A5052 /* 120125029.lrc */,
			);
			path = Lrcs;
			sourceTree = "<group>";
		};
		E75FFB7820A44BA7001A5052 /* MP3s */ = {
			isa = PBXGroup;
			children = (
				E75FFB7920A44BA7001A5052 /* 14945107.mp3 */,
				E75FFB7A20A44BA7001A5052 /* 255319.mp3 */,
				E75FFB7B20A44BA7001A5052 /* 一万次悲伤.mp3 */,
				E75FFB7C20A44BA7001A5052 /* 煎饼侠.mp3 */,
				E75FFB7D20A44BA7001A5052 /* 故乡.mp3 */,
				E75FFB7E20A44BA7001A5052 /* 夜空中最亮的星.mp3 */,
				E75FFB7F20A44BA7001A5052 /* 235319.mp3 */,
				E75FFB8020A44BA7001A5052 /* 309769.mp3 */,
				E75FFB8120A44BA7001A5052 /* 10736444.mp3 */,
				E75FFB8220A44BA7001A5052 /* 1201111234.mp3 */,
				E75FFB8320A44BA7001A5052 /* 10405520.mp3 */,
				E75FFB8420A44BA7001A5052 /* 120125029.mp3 */,
				E75FFB8520A44BA7001A5052 /* 12309111.mp3 */,
				E75FFB8620A44BA7001A5052 /* 339744.mp3 */,
			);
			path = MP3s;
			sourceTree = "<group>";
		};
		E75FFBA520A44CE8001A5052 /* controller */ = {
			isa = PBXGroup;
			children = (
				E740869A20A58C2A00A15AA2 /* LPlayMusicViewController.h */,
				E740869B20A58C2A00A15AA2 /* LPlayMusicViewController.m */,
				E740869D20A58C7E00A15AA2 /* LPlayMusicViewController.xib */,
				E7A7F46320AEA315007C9852 /* LPlayVideoViewController.h */,
				E7A7F46420AEA315007C9852 /* LPlayVideoViewController.m */,
				E7A7F46520AEA315007C9852 /* LPlayVideoViewController.xib */,
			);
			path = controller;
			sourceTree = "<group>";
		};
		E75FFBA620A44CF2001A5052 /* view */ = {
			isa = PBXGroup;
			children = (
				E740869720A57AF700A15AA2 /* LMusicTableViewCell.h */,
				E740869820A57AF700A15AA2 /* LMusicTableViewCell.m */,
				E712E2F920A81CF10052F67E /* LLabel.h */,
				E712E2FA20A81CF10052F67E /* LLabel.m */,
				E712E2FC20A822640052F67E /* LScrollView.h */,
				E712E2FD20A822640052F67E /* LScrollView.m */,
			);
			path = view;
			sourceTree = "<group>";
		};
		E75FFBA720A44D13001A5052 /* model */ = {
			isa = PBXGroup;
			children = (
				E712E2F320A80B460052F67E /* LMusic.h */,
				E712E2F420A80B460052F67E /* LMusic.m */,
				E712E2FF20A823830052F67E /* LLrcModel.h */,
				E712E30020A823830052F67E /* LLrcModel.m */,
			);
			path = model;
			sourceTree = "<group>";
		};
		E75FFBA820A44D24001A5052 /* category */ = {
			isa = PBXGroup;
			children = (
				E75FFBAC20A44E10001A5052 /* NSObject+Extension.h */,
				E75FFBAD20A44E10001A5052 /* NSObject+Extension.m */,
			);
			path = category;
			sourceTree = "<group>";
		};
		E7DBC5D2209FF5520088E771 = {
			isa = PBXGroup;
			children = (
				E7DBC5DD209FF5520088E771 /* 音视频 */,
				E7DBC5F6209FF5540088E771 /* 音视频Tests */,
				E7DBC601209FF5540088E771 /* 音视频UITests */,
				E7DBC5DC209FF5520088E771 /* Products */,
			);
			sourceTree = "<group>";
		};
		E7DBC5DC209FF5520088E771 /* Products */ = {
			isa = PBXGroup;
			children = (
				E7DBC5DB209FF5520088E771 /* 音视频.app */,
				E7DBC5F3209FF5540088E771 /* 音视频Tests.xctest */,
				E7DBC5FE209FF5540088E771 /* 音视频UITests.xctest */,
			);
			name = Products;
			sourceTree = "<group>";
		};
		E7DBC5DD209FF5520088E771 /* 音视频 */ = {
			isa = PBXGroup;
			children = (
				E712E2EF20A80AEC0052F67E /* tool */,
				E75FFBA820A44D24001A5052 /* category */,
				E75FFBA720A44D13001A5052 /* model */,
				E75FFBA620A44CF2001A5052 /* view */,
				E75FFBA520A44CE8001A5052 /* controller */,
				E75FFB6820A44BA7001A5052 /* Resources */,
				E75FFB6020A42A94001A5052 /* music */,
				E75FFB3420A4189E001A5052 /* 斗地主音频 */,
				E7DBC5DE209FF5520088E771 /* AppDelegate.h */,
				E7DBC5DF209FF5520088E771 /* AppDelegate.m */,
				E7DBC5E1209FF5520088E771 /* ViewController.h */,
				E7DBC5E2209FF5520088E771 /* ViewController.m */,
				E75FFB5D20A41E2F001A5052 /* PlaySoundTool.h */,
				E75FFB5E20A41E2F001A5052 /* PlaySoundTool.m */,
				E7DBC5E4209FF5520088E771 /* Main.storyboard */,
				E7DBC5E7209FF5540088E771 /* Assets.xcassets */,
				E7DBC5E9209FF5540088E771 /* LaunchScreen.storyboard */,
				E7DBC5EC209FF5540088E771 /* Info.plist */,
				E7DBC5ED209FF5540088E771 /* main.m */,
			);
			path = "音视频";
			sourceTree = "<group>";
		};
		E7DBC5F6209FF5540088E771 /* 音视频Tests */ = {
			isa = PBXGroup;
			children = (
				E7DBC5F7209FF5540088E771 /* ___Tests.m */,
				E7DBC5F9209FF5540088E771 /* Info.plist */,
			);
			path = "音视频Tests";
			sourceTree = "<group>";
		};
		E7DBC601209FF5540088E771 /* 音视频UITests */ = {
			isa = PBXGroup;
			children = (
				E7DBC602209FF5540088E771 /* ___UITests.m */,
				E7DBC604209FF5540088E771 /* Info.plist */,
			);
			path = "音视频UITests";
			sourceTree = "<group>";
		};
/* End PBXGroup section */

/* Begin PBXNativeTarget section */
		E7DBC5DA209FF5520088E771 /* 音视频 */ = {
			isa = PBXNativeTarget;
			buildConfigurationList = E7DBC607209FF5540088E771 /* Build configuration list for PBXNativeTarget "音视频" */;
			buildPhases = (
				E7DBC5D7209FF5520088E771 /* Sources */,
				E7DBC5D8209FF5520088E771 /* Frameworks */,
				E7DBC5D9209FF5520088E771 /* Resources */,
			);
			buildRules = (
			);
			dependencies = (
			);
			name = "音视频";
			productName = "音视频";
			productReference = E7DBC5DB209FF5520088E771 /* 音视频.app */;
			productType = "com.apple.product-type.application";
		};
		E7DBC5F2209FF5540088E771 /* 音视频Tests */ = {
			isa = PBXNativeTarget;
			buildConfigurationList = E7DBC60A209FF5540088E771 /* Build configuration list for PBXNativeTarget "音视频Tests" */;
			buildPhases = (
				E7DBC5EF209FF5540088E771 /* Sources */,
				E7DBC5F0209FF5540088E771 /* Frameworks */,
				E7DBC5F1209FF5540088E771 /* Resources */,
			);
			buildRules = (
			);
			dependencies = (
				E7DBC5F5209FF5540088E771 /* PBXTargetDependency */,
			);
			name = "音视频Tests";
			productName = "音视频Tests";
			productReference = E7DBC5F3209FF5540088E771 /* 音视频Tests.xctest */;
			productType = "com.apple.product-type.bundle.unit-test";
		};
		E7DBC5FD209FF5540088E771 /* 音视频UITests */ = {
			isa = PBXNativeTarget;
			buildConfigurationList = E7DBC60D209FF5540088E771 /* Build configuration list for PBXNativeTarget "音视频UITests" */;
			buildPhases = (
				E7DBC5FA209FF5540088E771 /* Sources */,
				E7DBC5FB209FF5540088E771 /* Frameworks */,
				E7DBC5FC209FF5540088E771 /* Resources */,
			);
			buildRules = (
			);
			dependencies = (
				E7DBC600209FF5540088E771 /* PBXTargetDependency */,
			);
			name = "音视频UITests";
			productName = "音视频UITests";
			productReference = E7DBC5FE209FF5540088E771 /* 音视频UITests.xctest */;
			productType = "com.apple.product-type.bundle.ui-testing";
		};
/* End PBXNativeTarget section */

/* Begin PBXProject section */
		E7DBC5D3209FF5520088E771 /* Project object */ = {
			isa = PBXProject;
			attributes = {
				CLASSPREFIX = L;
				LastUpgradeCheck = 0930;
				ORGANIZATIONNAME = "李姝睿";
				TargetAttributes = {
					E7DBC5DA209FF5520088E771 = {
						CreatedOnToolsVersion = 9.3;
						SystemCapabilities = {
							com.apple.BackgroundModes = {
								enabled = 1;
							};
						};
					};
					E7DBC5F2209FF5540088E771 = {
						CreatedOnToolsVersion = 9.3;
						TestTargetID = E7DBC5DA209FF5520088E771;
					};
					E7DBC5FD209FF5540088E771 = {
						CreatedOnToolsVersion = 9.3;
						TestTargetID = E7DBC5DA209FF5520088E771;
					};
				};
			};
			buildConfigurationList = E7DBC5D6209FF5520088E771 /* Build configuration list for PBXProject "音视频" */;
			compatibilityVersion = "Xcode 9.3";
			developmentRegion = en;
			hasScannedForEncodings = 0;
			knownRegions = (
				en,
				Base,
			);
			mainGroup = E7DBC5D2209FF5520088E771;
			productRefGroup = E7DBC5DC209FF5520088E771 /* Products */;
			projectDirPath = "";
			projectRoot = "";
			targets = (
				E7DBC5DA209FF5520088E771 /* 音视频 */,
				E7DBC5F2209FF5540088E771 /* 音视频Tests */,
				E7DBC5FD209FF5540088E771 /* 音视频UITests */,
			);
		};
/* End PBXProject section */

/* Begin PBXResourcesBuildPhase section */
		E7DBC5D9209FF5520088E771 /* Resources */ = {
			isa = PBXResourcesBuildPhase;
			buildActionMask = 2147483647;
			files = (
				E75FFB9920A44BA7001A5052 /* 煎饼侠.mp3 in Resources */,
				E75FFB5420A4189E001A5052 /* m_13.wav in Resources */,
				E75FFB4B20A4189E001A5052 /* m_17.wav in Resources */,
				E75FFB4A20A4189E001A5052 /* m_03.wav in Resources */,
				E75FFB8820A44BA7001A5052 /* 月半小夜曲.lrc in Resources */,
				E75FFB6320A42A94001A5052 /* 咖啡.mp3 in Resources */,
				E75FFB9A20A44BA7001A5052 /* 故乡.mp3 in Resources */,
				E75FFB9E20A44BA7001A5052 /* 10736444.mp3 in Resources */,
				E75FFB9C20A44BA7001A5052 /* 235319.mp3 in Resources */,
				E7A7F46920AECC1C007C9852 /* Alizee_La_Isla_Bonita.mp4 in Resources */,
				E75FFB4C20A4189E001A5052 /* m_15.wav in Resources */,
				E75FFB5320A4189E001A5052 /* m_05.wav in Resources */,
				E75FFB9F20A44BA7001A5052 /* 1201111234.mp3 in Resources */,
				E75FFB6420A42A94001A5052 /* 煎饼侠.mp3 in Resources */,
				E75FFB9D20A44BA7001A5052 /* 309769.mp3 in Resources */,
				E7DBC5EB209FF5540088E771 /* LaunchScreen.storyboard in Resources */,
				E75FFB9520A44BA7001A5052 /* 120125029.lrc in Resources */,
				E75FFBA420A44BA7001A5052 /* Musics.plist in Resources */,
				E75FFBA220A44BA7001A5052 /* 12309111.mp3 in Resources */,
				E75FFB9B20A44BA7001A5052 /* 夜空中最亮的星.mp3 in Resources */,
				E75FFBA320A44BA7001A5052 /* 339744.mp3 in Resources */,
				E740869E20A58C7E00A15AA2 /* LPlayMusicViewController.xib in Resources */,
				E75FFB5720A4189E001A5052 /* m_06.wav in Resources */,
				E7DBC5E8209FF5540088E771 /* Assets.xcassets in Resources */,
				E75FFB5520A4189E001A5052 /* m_07.wav in Resources */,
				E75FFB4D20A4189E001A5052 /* buyao.wav in Resources */,
				E75FFB5820A4189E001A5052 /* m_12.wav in Resources */,
				E75FFB9720A44BA7001A5052 /* 255319.mp3 in Resources */,
				E75FFB5C20A4189E001A5052 /* m_09.wav in Resources */,
				E75FFB4F20A4189E001A5052 /* lose.aac in Resources */,
				E75FFB9420A44BA7001A5052 /* 10405520.lrc in Resources */,
				E75FFB5B20A4189E001A5052 /* normal.aac in Resources */,
				E75FFB8B20A44BA7001A5052 /* 故乡.lrc in Resources */,
				E75FFB4E20A4189E001A5052 /* m_14.wav in Resources */,
				E75FFB5020A4189E001A5052 /* m_04.wav in Resources */,
				E75FFBA120A44BA7001A5052 /* 120125029.mp3 in Resources */,
				E75FFB5220A4189E001A5052 /* m_11.wav in Resources */,
				E75FFB9020A44BA7001A5052 /* 309769.lrc in Resources */,
				E7A7F46720AEA315007C9852 /* LPlayVideoViewController.xib in Resources */,
				E75FFB8F20A44BA7001A5052 /* 夜空中最亮的星.lrc in Resources */,
				E75FFB9120A44BA7001A5052 /* 235319.lrc in Resources */,
				E75FFB5A20A4189E001A5052 /* m_08.wav in Resources */,
				E75FFB9220A44BA7001A5052 /* 12309111.lrc in Resources */,
				E75FFB8C20A44BA7001A5052 /* 一万次悲伤.lrc in Resources */,
				E7A7F46B20AECE09007C9852 /* Cupid_高清.mp4 in Resources */,
				E75FFB5120A4189E001A5052 /* m_10.wav in Resources */,
				E75FFB9820A44BA7001A5052 /* 一万次悲伤.mp3 in Resources */,
				E75FFB8E20A44BA7001A5052 /* 10736444.lrc in Resources */,
				E75FFB8A20A44BA7001A5052 /* 14945107.lrc in Resources */,
				E75FFB8D20A44BA7001A5052 /* 煎饼侠.lrc in Resources */,
				E75FFB9620A44BA7001A5052 /* 14945107.mp3 in Resources */,
				E7DBC5E6209FF5520088E771 /* Main.storyboard in Resources */,
				E75FFB9320A44BA7001A5052 /* 339744.lrc in Resources */,
				E75FFB4920A4189E001A5052 /* m_16.wav in Resources */,
				E75FFB8920A44BA7001A5052 /* 255319.lrc in Resources */,
				E75FFBA020A44BA7001A5052 /* 10405520.mp3 in Resources */,
				E75FFB5620A4189E001A5052 /* win.aac in Resources */,
				E75FFB5920A4189E001A5052 /* sendcard.aac in Resources */,
			);
			runOnlyForDeploymentPostprocessing = 0;
		};
		E7DBC5F1209FF5540088E771 /* Resources */ = {
			isa = PBXResourcesBuildPhase;
			buildActionMask = 2147483647;
			files = (
			);
			runOnlyForDeploymentPostprocessing = 0;
		};
		E7DBC5FC209FF5540088E771 /* Resources */ = {
			isa = PBXResourcesBuildPhase;
			buildActionMask = 2147483647;
			files = (
			);
			runOnlyForDeploymentPostprocessing = 0;
		};
/* End PBXResourcesBuildPhase section */

/* Begin PBXSourcesBuildPhase section */
		E7DBC5D7209FF5520088E771 /* Sources */ = {
			isa = PBXSourcesBuildPhase;
			buildActionMask = 2147483647;
			files = (
				E740869920A57AF700A15AA2 /* LMusicTableViewCell.m in Sources */,
				E7DBC5E3209FF5520088E771 /* ViewController.m in Sources */,
				E712E2FE20A822640052F67E /* LScrollView.m in Sources */,
				E7A7F46620AEA315007C9852 /* LPlayVideoViewController.m in Sources */,
				E712E2F820A80E710052F67E /* LPlayMusicTool.m in Sources */,
				E712E30120A823830052F67E /* LLrcModel.m in Sources */,
				E712E2FB20A81CF10052F67E /* LLabel.m in Sources */,
				E712E2F220A80B240052F67E /* LMusicTool.m in Sources */,
				E7DBC5EE209FF5540088E771 /* main.m in Sources */,
				E712E30420A824ED0052F67E /* LLrcTool.m in Sources */,
				E7DBC5E0209FF5520088E771 /* AppDelegate.m in Sources */,
				E75FFBAE20A44E10001A5052 /* NSObject+Extension.m in Sources */,
				E740869C20A58C2A00A15AA2 /* LPlayMusicViewController.m in Sources */,
				E75FFB5F20A41E2F001A5052 /* PlaySoundTool.m in Sources */,
				E712E2F520A80B460052F67E /* LMusic.m in Sources */,
			);
			runOnlyForDeploymentPostprocessing = 0;
		};
		E7DBC5EF209FF5540088E771 /* Sources */ = {
			isa = PBXSourcesBuildPhase;
			buildActionMask = 2147483647;
			files = (
				E7DBC5F8209FF5540088E771 /* ___Tests.m in Sources */,
			);
			runOnlyForDeploymentPostprocessing = 0;
		};
		E7DBC5FA209FF5540088E771 /* Sources */ = {
			isa = PBXSourcesBuildPhase;
			buildActionMask = 2147483647;
			files = (
				E7DBC603209FF5540088E771 /* ___UITests.m in Sources */,
			);
			runOnlyForDeploymentPostprocessing = 0;
		};
/* End PBXSourcesBuildPhase section */

/* Begin PBXTargetDependency section */
		E7DBC5F5209FF5540088E771 /* PBXTargetDependency */ = {
			isa = PBXTargetDependency;
			target = E7DBC5DA209FF5520088E771 /* 音视频 */;
			targetProxy = E7DBC5F4209FF5540088E771 /* PBXContainerItemProxy */;
		};
		E7DBC600209FF5540088E771 /* PBXTargetDependency */ = {
			isa = PBXTargetDependency;
			target = E7DBC5DA209FF5520088E771 /* 音视频 */;
			targetProxy = E7DBC5FF209FF5540088E771 /* PBXContainerItemProxy */;
		};
/* End PBXTargetDependency section */

/* Begin PBXVariantGroup section */
		E7DBC5E4209FF5520088E771 /* Main.storyboard */ = {
			isa = PBXVariantGroup;
			children = (
				E7DBC5E5209FF5520088E771 /* Base */,
			);
			name = Main.storyboard;
			sourceTree = "<group>";
		};
		E7DBC5E9209FF5540088E771 /* LaunchScreen.storyboard */ = {
			isa = PBXVariantGroup;
			children = (
				E7DBC5EA209FF5540088E771 /* Base */,
			);
			name = LaunchScreen.storyboard;
			sourceTree = "<group>";
		};
/* End PBXVariantGroup section */

/* Begin XCBuildConfiguration section */
		E7DBC605209FF5540088E771 /* Debug */ = {
			isa = XCBuildConfiguration;
			buildSettings = {
				ALWAYS_SEARCH_USER_PATHS = NO;
				CLANG_ANALYZER_NONNULL = YES;
				CLANG_ANALYZER_NUMBER_OBJECT_CONVERSION = YES_AGGRESSIVE;
				CLANG_CXX_LANGUAGE_STANDARD = "gnu++14";
				CLANG_CXX_LIBRARY = "libc++";
				CLANG_ENABLE_MODULES = YES;
				CLANG_ENABLE_OBJC_ARC = YES;
				CLANG_ENABLE_OBJC_WEAK = YES;
				CLANG_WARN_BLOCK_CAPTURE_AUTORELEASING = YES;
				CLANG_WARN_BOOL_CONVERSION = YES;
				CLANG_WARN_COMMA = YES;
				CLANG_WARN_CONSTANT_CONVERSION = YES;
				CLANG_WARN_DEPRECATED_OBJC_IMPLEMENTATIONS = YES;
				CLANG_WARN_DIRECT_OBJC_ISA_USAGE = YES_ERROR;
				CLANG_WARN_DOCUMENTATION_COMMENTS = YES;
				CLANG_WARN_EMPTY_BODY = YES;
				CLANG_WARN_ENUM_CONVERSION = YES;
				CLANG_WARN_INFINITE_RECURSION = YES;
				CLANG_WARN_INT_CONVERSION = YES;
				CLANG_WARN_NON_LITERAL_NULL_CONVERSION = YES;
				CLANG_WARN_OBJC_IMPLICIT_RETAIN_SELF = YES;
				CLANG_WARN_OBJC_LITERAL_CONVERSION = YES;
				CLANG_WARN_OBJC_ROOT_CLASS = YES_ERROR;
				CLANG_WARN_RANGE_LOOP_ANALYSIS = YES;
				CLANG_WARN_STRICT_PROTOTYPES = YES;
				CLANG_WARN_SUSPICIOUS_MOVE = YES;
				CLANG_WARN_UNGUARDED_AVAILABILITY = YES_AGGRESSIVE;
				CLANG_WARN_UNREACHABLE_CODE = YES;
				CLANG_WARN__DUPLICATE_METHOD_MATCH = YES;
				CODE_SIGN_IDENTITY = "iPhone Developer";
				COPY_PHASE_STRIP = NO;
				DEBUG_INFORMATION_FORMAT = dwarf;
				ENABLE_STRICT_OBJC_MSGSEND = YES;
				ENABLE_TESTABILITY = YES;
				GCC_C_LANGUAGE_STANDARD = gnu11;
				GCC_DYNAMIC_NO_PIC = NO;
				GCC_NO_COMMON_BLOCKS = YES;
				GCC_OPTIMIZATION_LEVEL = 0;
				GCC_PREPROCESSOR_DEFINITIONS = (
					"DEBUG=1",
					"$(inherited)",
				);
				GCC_WARN_64_TO_32_BIT_CONVERSION = YES;
				GCC_WARN_ABOUT_RETURN_TYPE = YES_ERROR;
				GCC_WARN_UNDECLARED_SELECTOR = YES;
				GCC_WARN_UNINITIALIZED_AUTOS = YES_AGGRESSIVE;
				GCC_WARN_UNUSED_FUNCTION = YES;
				GCC_WARN_UNUSED_VARIABLE = YES;
				IPHONEOS_DEPLOYMENT_TARGET = 11.3;
				MTL_ENABLE_DEBUG_INFO = YES;
				ONLY_ACTIVE_ARCH = YES;
				SDKROOT = iphoneos;
			};
			name = Debug;
		};
		E7DBC606209FF5540088E771 /* Release */ = {
			isa = XCBuildConfiguration;
			buildSettings = {
				ALWAYS_SEARCH_USER_PATHS = NO;
				CLANG_ANALYZER_NONNULL = YES;
				CLANG_ANALYZER_NUMBER_OBJECT_CONVERSION = YES_AGGRESSIVE;
				CLANG_CXX_LANGUAGE_STANDARD = "gnu++14";
				CLANG_CXX_LIBRARY = "libc++";
				CLANG_ENABLE_MODULES = YES;
				CLANG_ENABLE_OBJC_ARC = YES;
				CLANG_ENABLE_OBJC_WEAK = YES;
				CLANG_WARN_BLOCK_CAPTURE_AUTORELEASING = YES;
				CLANG_WARN_BOOL_CONVERSION = YES;
				CLANG_WARN_COMMA = YES;
				CLANG_WARN_CONSTANT_CONVERSION = YES;
				CLANG_WARN_DEPRECATED_OBJC_IMPLEMENTATIONS = YES;
				CLANG_WARN_DIRECT_OBJC_ISA_USAGE = YES_ERROR;
				CLANG_WARN_DOCUMENTATION_COMMENTS = YES;
				CLANG_WARN_EMPTY_BODY = YES;
				CLANG_WARN_ENUM_CONVERSION = YES;
				CLANG_WARN_INFINITE_RECURSION = YES;
				CLANG_WARN_INT_CONVERSION = YES;
				CLANG_WARN_NON_LITERAL_NULL_CONVERSION = YES;
				CLANG_WARN_OBJC_IMPLICIT_RETAIN_SELF = YES;
				CLANG_WARN_OBJC_LITERAL_CONVERSION = YES;
				CLANG_WARN_OBJC_ROOT_CLASS = YES_ERROR;
				CLANG_WARN_RANGE_LOOP_ANALYSIS = YES;
				CLANG_WARN_STRICT_PROTOTYPES = YES;
				CLANG_WARN_SUSPICIOUS_MOVE = YES;
				CLANG_WARN_UNGUARDED_AVAILABILITY = YES_AGGRESSIVE;
				CLANG_WARN_UNREACHABLE_CODE = YES;
				CLANG_WARN__DUPLICATE_METHOD_MATCH = YES;
				CODE_SIGN_IDENTITY = "iPhone Developer";
				COPY_PHASE_STRIP = NO;
				DEBUG_INFORMATION_FORMAT = "dwarf-with-dsym";
				ENABLE_NS_ASSERTIONS = NO;
				ENABLE_STRICT_OBJC_MSGSEND = YES;
				GCC_C_LANGUAGE_STANDARD = gnu11;
				GCC_NO_COMMON_BLOCKS = YES;
				GCC_WARN_64_TO_32_BIT_CONVERSION = YES;
				GCC_WARN_ABOUT_RETURN_TYPE = YES_ERROR;
				GCC_WARN_UNDECLARED_SELECTOR = YES;
				GCC_WARN_UNINITIALIZED_AUTOS = YES_AGGRESSIVE;
				GCC_WARN_UNUSED_FUNCTION = YES;
				GCC_WARN_UNUSED_VARIABLE = YES;
				IPHONEOS_DEPLOYMENT_TARGET = 11.3;
				MTL_ENABLE_DEBUG_INFO = NO;
				SDKROOT = iphoneos;
				VALIDATE_PRODUCT = YES;
			};
			name = Release;
		};
		E7DBC608209FF5540088E771 /* Debug */ = {
			isa = XCBuildConfiguration;
			buildSettings = {
				ASSETCATALOG_COMPILER_APPICON_NAME = AppIcon;
				CODE_SIGN_STYLE = Automatic;
				INFOPLIST_FILE = "音视频/Info.plist";
				LD_RUNPATH_SEARCH_PATHS = (
					"$(inherited)",
					"@executable_path/Frameworks",
				);
				PRODUCT_BUNDLE_IDENTIFIER = "com.shurui.---";
				PRODUCT_NAME = "$(TARGET_NAME)";
				TARGETED_DEVICE_FAMILY = "1,2";
			};
			name = Debug;
		};
		E7DBC609209FF5540088E771 /* Release */ = {
			isa = XCBuildConfiguration;
			buildSettings = {
				ASSETCATALOG_COMPILER_APPICON_NAME = AppIcon;
				CODE_SIGN_STYLE = Automatic;
				INFOPLIST_FILE = "音视频/Info.plist";
				LD_RUNPATH_SEARCH_PATHS = (
					"$(inherited)",
					"@executable_path/Frameworks",
				);
				PRODUCT_BUNDLE_IDENTIFIER = "com.shurui.---";
				PRODUCT_NAME = "$(TARGET_NAME)";
				TARGETED_DEVICE_FAMILY = "1,2";
			};
			name = Release;
		};
		E7DBC60B209FF5540088E771 /* Debug */ = {
			isa = XCBuildConfiguration;
			buildSettings = {
				BUNDLE_LOADER = "$(TEST_HOST)";
				CODE_SIGN_STYLE = Automatic;
				INFOPLIST_FILE = "音视频Tests/Info.plist";
				LD_RUNPATH_SEARCH_PATHS = (
					"$(inherited)",
					"@executable_path/Frameworks",
					"@loader_path/Frameworks",
				);
				PRODUCT_BUNDLE_IDENTIFIER = "com.shurui.---Tests";
				PRODUCT_NAME = "$(TARGET_NAME)";
				TARGETED_DEVICE_FAMILY = "1,2";
				TEST_HOST = "$(BUILT_PRODUCTS_DIR)/音视频.app/音视频";
			};
			name = Debug;
		};
		E7DBC60C209FF5540088E771 /* Release */ = {
			isa = XCBuildConfiguration;
			buildSettings = {
				BUNDLE_LOADER = "$(TEST_HOST)";
				CODE_SIGN_STYLE = Automatic;
				INFOPLIST_FILE = "音视频Tests/Info.plist";
				LD_RUNPATH_SEARCH_PATHS = (
					"$(inherited)",
					"@executable_path/Frameworks",
					"@loader_path/Frameworks",
				);
				PRODUCT_BUNDLE_IDENTIFIER = "com.shurui.---Tests";
				PRODUCT_NAME = "$(TARGET_NAME)";
				TARGETED_DEVICE_FAMILY = "1,2";
				TEST_HOST = "$(BUILT_PRODUCTS_DIR)/音视频.app/音视频";
			};
			name = Release;
		};
		E7DBC60E209FF5540088E771 /* Debug */ = {
			isa = XCBuildConfiguration;
			buildSettings = {
				CODE_SIGN_STYLE = Automatic;
				INFOPLIST_FILE = "音视频UITests/Info.plist";
				LD_RUNPATH_SEARCH_PATHS = (
					"$(inherited)",
					"@executable_path/Frameworks",
					"@loader_path/Frameworks",
				);
				PRODUCT_BUNDLE_IDENTIFIER = "com.shurui.---UITests";
				PRODUCT_NAME = "$(TARGET_NAME)";
				TARGETED_DEVICE_FAMILY = "1,2";
				TEST_TARGET_NAME = "音视频";
			};
			name = Debug;
		};
		E7DBC60F209FF5540088E771 /* Release */ = {
			isa = XCBuildConfiguration;
			buildSettings = {
				CODE_SIGN_STYLE = Automatic;
				INFOPLIST_FILE = "音视频UITests/Info.plist";
				LD_RUNPATH_SEARCH_PATHS = (
					"$(inherited)",
					"@executable_path/Frameworks",
					"@loader_path/Frameworks",
				);
				PRODUCT_BUNDLE_IDENTIFIER = "com.shurui.---UITests";
				PRODUCT_NAME = "$(TARGET_NAME)";
				TARGETED_DEVICE_FAMILY = "1,2";
				TEST_TARGET_NAME = "音视频";
			};
			name = Release;
		};
/* End XCBuildConfiguration section */

/* Begin XCConfigurationList section */
		E7DBC5D6209FF5520088E771 /* Build configuration list for PBXProject "音视频" */ = {
			isa = XCConfigurationList;
			buildConfigurations = (
				E7DBC605209FF5540088E771 /* Debug */,
				E7DBC606209FF5540088E771 /* Release */,
			);
			defaultConfigurationIsVisible = 0;
			defaultConfigurationName = Release;
		};
		E7DBC607209FF5540088E771 /* Build configuration list for PBXNativeTarget "音视频" */ = {
			isa = XCConfigurationList;
			buildConfigurations = (
				E7DBC608209FF5540088E771 /* Debug */,
				E7DBC609209FF5540088E771 /* Release */,
			);
			defaultConfigurationIsVisible = 0;
			defaultConfigurationName = Release;
		};
		E7DBC60A209FF5540088E771 /* Build configuration list for PBXNativeTarget "音视频Tests" */ = {
			isa = XCConfigurationList;
			buildConfigurations = (
				E7DBC60B209FF5540088E771 /* Debug */,
				E7DBC60C209FF5540088E771 /* Release */,
			);
			defaultConfigurationIsVisible = 0;
			defaultConfigurationName = Release;
		};
		E7DBC60D209FF5540088E771 /* Build configuration list for PBXNativeTarget "音视频UITests" */ = {
			isa = XCConfigurationList;
			buildConfigurations = (
				E7DBC60E209FF5540088E771 /* Debug */,
				E7DBC60F209FF5540088E771 /* Release */,
			);
			defaultConfigurationIsVisible = 0;
			defaultConfigurationName = Release;
		};
/* End XCConfigurationList section */
	};
	rootObject = E7DBC5D3209FF5520088E771 /* Project object */;
}
